{
  "lockfile_version": "1",
  "packages": {
    "github:NixOS/nixpkgs/nixpkgs-unstable": {
      "resolved": "github:NixOS/nixpkgs/1128e89fd5e11bb25aedbfc287733c6502202ea9?lastModified=1739451785&narHash=sha256-3ebRdThRic9bHMuNi2IAA%2Fek9b32bsy8F5R4SvGTIog%3D"
    },
    "lychee@latest": {
      "last_modified": "2025-01-19T08:16:51Z",
      "resolved": "github:NixOS/nixpkgs/50165c4f7eb48ce82bd063e1fb8047a0f515f8ce#lychee",
      "source": "devbox-search",
      "version": "0.18.0",
      "systems": {
        "aarch64-darwin": {
          "outputs": [
            {
              "name": "out",
              "path": "/nix/store/rjwp9rqf7fzh5z1dpn3nsn6hh3mk38z5-lychee-0.18.0",
              "default": true
            }
          ],
          "store_path": "/nix/store/rjwp9rqf7fzh5z1dpn3nsn6hh3mk38z5-lychee-0.18.0"
        },
        "aarch64-linux": {
          "outputs": [
            {
              "name": "out",
              "path": "/nix/store/8470k69c3y4f4cxnxc09i1phfifprszy-lychee-0.18.0",
              "default": true
            }
          ],
          "store_path": "/nix/store/8470k69c3y4f4cxnxc09i1phfifprszy-lychee-0.18.0"
        },
        "x86_64-darwin": {
          "outputs": [
            {
              "name": "out",
              "path": "/nix/store/n8haxvy0bdxzmx813dg1p7xv0qjc9lg4-lychee-0.18.0",
              "default": true
            }
          ],
          "store_path": "/nix/store/n8haxvy0bdxzmx813dg1p7xv0qjc9lg4-lychee-0.18.0"
        },
        "x86_64-linux": {
          "outputs": [
            {
              "name": "out",
              "path": "/nix/store/dn02smsl6qn3ra57bx3q9zki4cb1d13b-lychee-0.18.0",
              "default": true
            }
          ],
          "store_path": "/nix/store/dn02smsl6qn3ra57bx3q9zki4cb1d13b-lychee-0.18.0"
        }
      }
    },
    "nodePackages.prettier@latest": {
      "last_modified": "2025-01-19T08:16:51Z",
      "resolved": "github:NixOS/nixpkgs/50165c4f7eb48ce82bd063e1fb8047a0f515f8ce#nodePackages.prettier",
      "source": "devbox-search",
      "version": "3.3.3",
      "systems": {
        "aarch64-darwin": {
          "outputs": [
            {
              "name": "out",
              "path": "/nix/store/7018mdjp14qr7vf66jwdxvxaxjvl48hn-prettier-3.3.3",
              "default": true
            }
          ],
          "store_path": "/nix/store/7018mdjp14qr7vf66jwdxvxaxjvl48hn-prettier-3.3.3"
        },
        "aarch64-linux": {
          "outputs": [
            {
              "name": "out",
              "path": "/nix/store/pysxyhskhjjsxiac0ha8zi08p2814rpi-prettier-3.3.3",
              "default": true
            }
          ],
          "store_path": "/nix/store/pysxyhskhjjsxiac0ha8zi08p2814rpi-prettier-3.3.3"
        },
        "x86_64-darwin": {
          "outputs": [
            {
              "name": "out",
              "path": "/nix/store/79qbg2kgcvji7k8whvw9k29cc84wvj3w-prettier-3.3.3",
              "default": true
            }
          ],
          "store_path": "/nix/store/79qbg2kgcvji7k8whvw9k29cc84wvj3w-prettier-3.3.3"
        },
        "x86_64-linux": {
          "outputs": [
            {
              "name": "out",
              "path": "/nix/store/rrmdwy79qyc61lxmrggvrpmdmrq3zym7-prettier-3.3.3",
              "default": true
            }
          ],
          "store_path": "/nix/store/rrmdwy79qyc61lxmrggvrpmdmrq3zym7-prettier-3.3.3"
        }
      }
    },
    "python@3.10": {
      "last_modified": "2024-11-03T14:18:04Z",
      "plugin_version": "0.0.4",
      "resolved": "github:NixOS/nixpkgs/4ae2e647537bcdbb82265469442713d066675275#python310",
      "source": "devbox-search",
      "version": "3.10.15",
      "systems": {
        "aarch64-darwin": {
          "outputs": [
            {
              "name": "out",
              "path": "/nix/store/lms9j5g536ipzasdx38zjc5bi3rl2myr-python3-3.10.15",
              "default": true
            }
          ],
          "store_path": "/nix/store/lms9j5g536ipzasdx38zjc5bi3rl2myr-python3-3.10.15"
        },
        "aarch64-linux": {
          "outputs": [
            {
              "name": "out",
              "path": "/nix/store/dyrr14iw9ki33zrf1gfzds694c93rxnc-python3-3.10.15",
              "default": true
            },
            {
              "name": "debug",
              "path": "/nix/store/b2548r0iwmmj3wp9qppq1xnd4r8nimfc-python3-3.10.15-debug"
            }
          ],
          "store_path": "/nix/store/dyrr14iw9ki33zrf1gfzds694c93rxnc-python3-3.10.15"
        },
        "x86_64-darwin": {
          "outputs": [
            {
              "name": "out",
              "path": "/nix/store/hvpv2sl1vd9abykd938377jhsh9zs4cl-python3-3.10.15",
              "default": true
            }
          ],
          "store_path": "/nix/store/hvpv2sl1vd9abykd938377jhsh9zs4cl-python3-3.10.15"
        },
        "x86_64-linux": {
          "outputs": [
            {
              "name": "out",
              "path": "/nix/store/xmhjnvgg1v2c2sr5hqv0p52ikcbvw1m4-python3-3.10.15",
              "default": true
            },
            {
              "name": "debug",
              "path": "/nix/store/5fabg8ph4jnzqrx45430ck166fvgyrnr-python3-3.10.15-debug"
            }
          ],
          "store_path": "/nix/store/xmhjnvgg1v2c2sr5hqv0p52ikcbvw1m4-python3-3.10.15"
        }
      }
    }
  }
}
